<?xml version="1.0" encoding="UTF-8"?>
<Scheme
   version = "1.3">
   <BuildAction>
      <BuildActionEntries>
         <BuildActionEntry
            buildForRunning = "YES">
            <BuildableReference
               BuildableIdentifier = "primary"
               BlueprintIdentifier = "1F7FB86E26E0951D00654310"
               BuildableName = "DemoDefaultXcodeApp.app"
               BlueprintName = "DemoDefaultXcodeApp (iOS)"
               ReferencedContainer = "container:DemoDefaultXcodeApp.xcodeproj">
            </BuildableReference>
         </BuildActionEntry>
      </BuildActionEntries>
   </BuildAction>
   <LaunchAction
      useCustomWorkingDirectory = "NO"
      buildConfiguration = "Debug"
      allowLocationSimulation = "YES">
      <BuildableProductRunnable>
         <BuildableReference
            BuildableIdentifier = "primary"
            BlueprintIdentifier = "1F7FB86E26E0951D00654310"
            BuildableName = "DemoDefaultXcodeApp.app"
            BlueprintName = "DemoDefaultXcodeApp (iOS)"
            ReferencedContainer = "container:DemoDefaultXcodeApp.xcodeproj">
         </BuildableReference>
      </BuildableProductRunnable>
   </LaunchAction>
</Scheme>
